
Microsoft Visual Studio Solution File, Format Version 12.00
# Visual Studio 2012
Project("{2150E333-8FDC-42A3-9474-1A3956D46DE8}") = "src", "src", "{39F8B9ED-57EE-44D6-B88B-58BAB5792DA0}"
	ProjectSection(SolutionItems) = preProject
		src\presentation.fsx = src\presentation.fsx
	EndProjectSection
EndProject
Project("{2150E333-8FDC-42A3-9474-1A3956D46DE8}") = "Samples", "Samples", "{71C3A425-8F3C-4470-B175-71A726FB083C}"
EndProject
Project("{2150E333-8FDC-42A3-9474-1A3956D46DE8}") = "project", "project", "{E3EB595D-376B-4A0A-B014-10CC5699AE9D}"
	ProjectSection(SolutionItems) = preProject
		.travis.yml = .travis.yml
		nuget\Arcadia.nuspec = nuget\Arcadia.nuspec
		build.fsx = build.fsx
		LICENSE.txt = LICENSE.txt
		.nuget\NuGet.targets = .nuget\NuGet.targets
		README.md = README.md
		RELEASE_NOTES.md = RELEASE_NOTES.md
	EndProjectSection
EndProject
Project("{2150E333-8FDC-42A3-9474-1A3956D46DE8}") = "lib", "lib", "{E69813FF-7495-4BD9-B678-34F15D0C543D}"
EndProject
Project("{2150E333-8FDC-42A3-9474-1A3956D46DE8}") = "GraphSharp", "GraphSharp", "{E0C70BD3-69A8-42D7-9BE4-1E95B643EFEF}"
	ProjectSection(SolutionItems) = preProject
		lib\GraphSharp\GraphSharp.Controls.dll = lib\GraphSharp\GraphSharp.Controls.dll
		lib\GraphSharp\GraphSharp.dll = lib\GraphSharp\GraphSharp.dll
		lib\GraphSharp\QuickGraph.dll = lib\GraphSharp\QuickGraph.dll
		lib\GraphSharp\WPFExtensions.dll = lib\GraphSharp\WPFExtensions.dll
	EndProjectSection
EndProject
Project("{2150E333-8FDC-42A3-9474-1A3956D46DE8}") = "tests", "tests", "{EF3ED3C7-1CDE-4B10-B7A8-ED51415C8FC4}"
EndProject
Project("{F2A71F9B-5D33-465A-A702-920D77279786}") = "Arcadia", "src\Arcadia\Arcadia.fsproj", "{E17DFC65-F8F8-47E1-9D33-027BF53A8976}"
EndProject
Project("{2150E333-8FDC-42A3-9474-1A3956D46DE8}") = "docs", "docs", "{80A8719D-8734-46CD-8273-ECF264811030}"
EndProject
Project("{2150E333-8FDC-42A3-9474-1A3956D46DE8}") = "tools", "tools", "{A7ADEADC-F5CE-46DD-B559-AECEF498095A}"
	ProjectSection(SolutionItems) = preProject
		docs\tools\generate.fsx = docs\tools\generate.fsx
		docs\tools\templates\template.cshtml = docs\tools\templates\template.cshtml
	EndProjectSection
EndProject
Project("{2150E333-8FDC-42A3-9474-1A3956D46DE8}") = "content", "content", "{89F1AACE-91B4-4644-9FFD-9D2C1F1B3E97}"
	ProjectSection(SolutionItems) = preProject
		docs\content\index.fsx = docs\content\index.fsx
		docs\content\sample.md = docs\content\sample.md
		docs\content\tutorial.fsx = docs\content\tutorial.fsx
	EndProjectSection
EndProject
Project("{F2A71F9B-5D33-465A-A702-920D77279786}") = "Arcadia.MVVM", "src\Arcadia.MVVM\Arcadia.MVVM.fsproj", "{7178C7A8-8CF2-4CFB-8431-A5DDEA28BC01}"
EndProject
Project("{FAE04EC0-301F-11D3-BF4B-00C04F79EFBC}") = "Arcadia.Graph", "src\Arcadia.Graph\Arcadia.Graph.csproj", "{73564ECE-3335-4F30-B308-9BBD114E3CCA}"
EndProject
Global
	GlobalSection(SolutionConfigurationPlatforms) = preSolution
		Debug|Any CPU = Debug|Any CPU
		Debug|Mixed Platforms = Debug|Mixed Platforms
		Debug|x86 = Debug|x86
		Release|Any CPU = Release|Any CPU
		Release|Mixed Platforms = Release|Mixed Platforms
		Release|x86 = Release|x86
	EndGlobalSection
	GlobalSection(ProjectConfigurationPlatforms) = postSolution
		{E17DFC65-F8F8-47E1-9D33-027BF53A8976}.Debug|Any CPU.ActiveCfg = Debug|Any CPU
		{E17DFC65-F8F8-47E1-9D33-027BF53A8976}.Debug|Any CPU.Build.0 = Debug|Any CPU
		{E17DFC65-F8F8-47E1-9D33-027BF53A8976}.Debug|Mixed Platforms.ActiveCfg = Debug|Any CPU
		{E17DFC65-F8F8-47E1-9D33-027BF53A8976}.Debug|Mixed Platforms.Build.0 = Debug|Any CPU
		{E17DFC65-F8F8-47E1-9D33-027BF53A8976}.Debug|x86.ActiveCfg = Debug|Any CPU
		{E17DFC65-F8F8-47E1-9D33-027BF53A8976}.Release|Any CPU.ActiveCfg = Release|Any CPU
		{E17DFC65-F8F8-47E1-9D33-027BF53A8976}.Release|Any CPU.Build.0 = Release|Any CPU
		{E17DFC65-F8F8-47E1-9D33-027BF53A8976}.Release|Mixed Platforms.ActiveCfg = Release|Any CPU
		{E17DFC65-F8F8-47E1-9D33-027BF53A8976}.Release|Mixed Platforms.Build.0 = Release|Any CPU
		{E17DFC65-F8F8-47E1-9D33-027BF53A8976}.Release|x86.ActiveCfg = Release|Any CPU
		{7178C7A8-8CF2-4CFB-8431-A5DDEA28BC01}.Debug|Any CPU.ActiveCfg = Debug|Any CPU
		{7178C7A8-8CF2-4CFB-8431-A5DDEA28BC01}.Debug|Any CPU.Build.0 = Debug|Any CPU
		{7178C7A8-8CF2-4CFB-8431-A5DDEA28BC01}.Debug|Mixed Platforms.ActiveCfg = Debug|Any CPU
		{7178C7A8-8CF2-4CFB-8431-A5DDEA28BC01}.Debug|Mixed Platforms.Build.0 = Debug|Any CPU
		{7178C7A8-8CF2-4CFB-8431-A5DDEA28BC01}.Debug|x86.ActiveCfg = Debug|Any CPU
		{7178C7A8-8CF2-4CFB-8431-A5DDEA28BC01}.Release|Any CPU.ActiveCfg = Release|Any CPU
		{7178C7A8-8CF2-4CFB-8431-A5DDEA28BC01}.Release|Any CPU.Build.0 = Release|Any CPU
		{7178C7A8-8CF2-4CFB-8431-A5DDEA28BC01}.Release|Mixed Platforms.ActiveCfg = Release|Any CPU
		{7178C7A8-8CF2-4CFB-8431-A5DDEA28BC01}.Release|Mixed Platforms.Build.0 = Release|Any CPU
		{7178C7A8-8CF2-4CFB-8431-A5DDEA28BC01}.Release|x86.ActiveCfg = Release|Any CPU
		{73564ECE-3335-4F30-B308-9BBD114E3CCA}.Debug|Any CPU.ActiveCfg = Debug|Any CPU
		{73564ECE-3335-4F30-B308-9BBD114E3CCA}.Debug|Any CPU.Build.0 = Debug|Any CPU
		{73564ECE-3335-4F30-B308-9BBD114E3CCA}.Debug|Mixed Platforms.ActiveCfg = Debug|Any CPU
		{73564ECE-3335-4F30-B308-9BBD114E3CCA}.Debug|Mixed Platforms.Build.0 = Debug|Any CPU
		{73564ECE-3335-4F30-B308-9BBD114E3CCA}.Debug|x86.ActiveCfg = Debug|Any CPU
		{73564ECE-3335-4F30-B308-9BBD114E3CCA}.Release|Any CPU.ActiveCfg = Release|Any CPU
		{73564ECE-3335-4F30-B308-9BBD114E3CCA}.Release|Any CPU.Build.0 = Release|Any CPU
		{73564ECE-3335-4F30-B308-9BBD114E3CCA}.Release|Mixed Platforms.ActiveCfg = Release|Any CPU
		{73564ECE-3335-4F30-B308-9BBD114E3CCA}.Release|Mixed Platforms.Build.0 = Release|Any CPU
		{73564ECE-3335-4F30-B308-9BBD114E3CCA}.Release|x86.ActiveCfg = Release|Any CPU
	EndGlobalSection
	GlobalSection(SolutionProperties) = preSolution
		HideSolutionNode = FALSE
	EndGlobalSection
	GlobalSection(NestedProjects) = preSolution
		{71C3A425-8F3C-4470-B175-71A726FB083C} = {39F8B9ED-57EE-44D6-B88B-58BAB5792DA0}
		{E17DFC65-F8F8-47E1-9D33-027BF53A8976} = {39F8B9ED-57EE-44D6-B88B-58BAB5792DA0}
		{7178C7A8-8CF2-4CFB-8431-A5DDEA28BC01} = {39F8B9ED-57EE-44D6-B88B-58BAB5792DA0}
		{73564ECE-3335-4F30-B308-9BBD114E3CCA} = {39F8B9ED-57EE-44D6-B88B-58BAB5792DA0}
		{E0C70BD3-69A8-42D7-9BE4-1E95B643EFEF} = {E69813FF-7495-4BD9-B678-34F15D0C543D}
		{A7ADEADC-F5CE-46DD-B559-AECEF498095A} = {80A8719D-8734-46CD-8273-ECF264811030}
		{89F1AACE-91B4-4644-9FFD-9D2C1F1B3E97} = {80A8719D-8734-46CD-8273-ECF264811030}
	EndGlobalSection
EndGlobal
