
Microsoft Visual Studio Solution File, Format Version 12.00
# Visual Studio 2012
Project("{F2A71F9B-5D33-465A-A702-920D77279786}") = "Utopia", "Utopia\Utopia.fsproj", "{7178C7A8-8CF2-4CFB-8431-A5DDEA28BC01}"
EndProject
Project("{2150E333-8FDC-42A3-9474-1A3956D46DE8}") = "Solution Items", "Solution Items", "{1E1CF7C2-BBC1-4B58-890E-5E00ABB26559}"
	ProjectSection(SolutionItems) = preProject
		Solution Items\presentation.fsx = Solution Items\presentation.fsx
		readme.md = readme.md
	EndProjectSection
EndProject
Project("{2150E333-8FDC-42A3-9474-1A3956D46DE8}") = "lib", "lib", "{B9E3442A-9263-4046-A0FD-F22ED5FB1DDF}"
EndProject
Project("{2150E333-8FDC-42A3-9474-1A3956D46DE8}") = "GraphSharp", "GraphSharp", "{B3522D66-58DF-48B0-8E4B-47011CFCBAD8}"
	ProjectSection(SolutionItems) = preProject
		lib\GraphSharp\GraphSharp.Contracts.dll = lib\GraphSharp\GraphSharp.Contracts.dll
		lib\GraphSharp\GraphSharp.Controls.dll = lib\GraphSharp\GraphSharp.Controls.dll
		lib\GraphSharp\GraphSharp.dll = lib\GraphSharp\GraphSharp.dll
		lib\GraphSharp\Microsoft.Contracts.dll = lib\GraphSharp\Microsoft.Contracts.dll
		lib\GraphSharp\QuickGraph.dll = lib\GraphSharp\QuickGraph.dll
		lib\GraphSharp\WPFExtensions.dll = lib\GraphSharp\WPFExtensions.dll
		lib\GraphSharp\WPFToolkit.dll = lib\GraphSharp\WPFToolkit.dll
	EndProjectSection
EndProject
Project("{2150E333-8FDC-42A3-9474-1A3956D46DE8}") = "MahApps", "MahApps", "{602CCF35-503B-4F55-94AA-DF97A1F69B1B}"
	ProjectSection(SolutionItems) = preProject
		lib\MahApps\GrayscaleEffect.dll = lib\MahApps\GrayscaleEffect.dll
		lib\MahApps\MahApps.Metro.dll = lib\MahApps\MahApps.Metro.dll
		lib\MahApps\MahApps.Metro.Resources.dll = lib\MahApps\MahApps.Metro.Resources.dll
		lib\MahApps\Newtonsoft.Json.dll = lib\MahApps\Newtonsoft.Json.dll
		lib\MahApps\System.Windows.Interactivity.dll = lib\MahApps\System.Windows.Interactivity.dll
	EndProjectSection
EndProject
Project("{2150E333-8FDC-42A3-9474-1A3956D46DE8}") = "FSharpx", "FSharpx", "{228237A9-8CDF-4C96-B9EE-F67F5095BD4D}"
	ProjectSection(SolutionItems) = preProject
		lib\FSharpx\FSharpx.TypeProviders.Xaml.dll = lib\FSharpx\FSharpx.TypeProviders.Xaml.dll
	EndProjectSection
EndProject
Project("{2150E333-8FDC-42A3-9474-1A3956D46DE8}") = "SampleApp", "SampleApp", "{DAE8BB37-FD22-44AA-BA1E-69893FCE3E41}"
EndProject
Project("{F2A71F9B-5D33-465A-A702-920D77279786}") = "Model", "SampleApp\Model\Model.fsproj", "{537B629C-B7DB-4890-8B71-BB6C38910E65}"
EndProject
Project("{F2A71F9B-5D33-465A-A702-920D77279786}") = "ViewModel", "SampleApp\ViewModel\ViewModel.fsproj", "{04CCE700-C8AC-4959-90B8-668114835D3C}"
EndProject
Project("{F2A71F9B-5D33-465A-A702-920D77279786}") = "View", "SampleApp\View\View.fsproj", "{A17BD663-210E-4274-A87D-8F66B39E1B22}"
EndProject
Project("{FAE04EC0-301F-11D3-BF4B-00C04F79EFBC}") = "ViewCS", "SampleApp\ViewCS\ViewCS.csproj", "{9D123727-F1D5-47DB-9D23-FC5D14779485}"
EndProject
Global
	GlobalSection(SolutionConfigurationPlatforms) = preSolution
		Debug|Any CPU = Debug|Any CPU
		Debug|Mixed Platforms = Debug|Mixed Platforms
		Debug|x86 = Debug|x86
		Release|Any CPU = Release|Any CPU
		Release|Mixed Platforms = Release|Mixed Platforms
		Release|x86 = Release|x86
	EndGlobalSection
	GlobalSection(ProjectConfigurationPlatforms) = postSolution
		{7178C7A8-8CF2-4CFB-8431-A5DDEA28BC01}.Debug|Any CPU.ActiveCfg = Debug|Any CPU
		{7178C7A8-8CF2-4CFB-8431-A5DDEA28BC01}.Debug|Any CPU.Build.0 = Debug|Any CPU
		{7178C7A8-8CF2-4CFB-8431-A5DDEA28BC01}.Debug|Mixed Platforms.ActiveCfg = Debug|Any CPU
		{7178C7A8-8CF2-4CFB-8431-A5DDEA28BC01}.Debug|Mixed Platforms.Build.0 = Debug|Any CPU
		{7178C7A8-8CF2-4CFB-8431-A5DDEA28BC01}.Debug|x86.ActiveCfg = Debug|Any CPU
		{7178C7A8-8CF2-4CFB-8431-A5DDEA28BC01}.Release|Any CPU.ActiveCfg = Release|Any CPU
		{7178C7A8-8CF2-4CFB-8431-A5DDEA28BC01}.Release|Any CPU.Build.0 = Release|Any CPU
		{7178C7A8-8CF2-4CFB-8431-A5DDEA28BC01}.Release|Mixed Platforms.ActiveCfg = Release|Any CPU
		{7178C7A8-8CF2-4CFB-8431-A5DDEA28BC01}.Release|Mixed Platforms.Build.0 = Release|Any CPU
		{7178C7A8-8CF2-4CFB-8431-A5DDEA28BC01}.Release|x86.ActiveCfg = Release|Any CPU
		{537B629C-B7DB-4890-8B71-BB6C38910E65}.Debug|Any CPU.ActiveCfg = Debug|Any CPU
		{537B629C-B7DB-4890-8B71-BB6C38910E65}.Debug|Any CPU.Build.0 = Debug|Any CPU
		{537B629C-B7DB-4890-8B71-BB6C38910E65}.Debug|Mixed Platforms.ActiveCfg = Debug|Any CPU
		{537B629C-B7DB-4890-8B71-BB6C38910E65}.Debug|Mixed Platforms.Build.0 = Debug|Any CPU
		{537B629C-B7DB-4890-8B71-BB6C38910E65}.Debug|x86.ActiveCfg = Debug|Any CPU
		{537B629C-B7DB-4890-8B71-BB6C38910E65}.Release|Any CPU.ActiveCfg = Release|Any CPU
		{537B629C-B7DB-4890-8B71-BB6C38910E65}.Release|Any CPU.Build.0 = Release|Any CPU
		{537B629C-B7DB-4890-8B71-BB6C38910E65}.Release|Mixed Platforms.ActiveCfg = Release|Any CPU
		{537B629C-B7DB-4890-8B71-BB6C38910E65}.Release|Mixed Platforms.Build.0 = Release|Any CPU
		{537B629C-B7DB-4890-8B71-BB6C38910E65}.Release|x86.ActiveCfg = Release|Any CPU
		{04CCE700-C8AC-4959-90B8-668114835D3C}.Debug|Any CPU.ActiveCfg = Debug|Any CPU
		{04CCE700-C8AC-4959-90B8-668114835D3C}.Debug|Any CPU.Build.0 = Debug|Any CPU
		{04CCE700-C8AC-4959-90B8-668114835D3C}.Debug|Mixed Platforms.ActiveCfg = Debug|Any CPU
		{04CCE700-C8AC-4959-90B8-668114835D3C}.Debug|Mixed Platforms.Build.0 = Debug|Any CPU
		{04CCE700-C8AC-4959-90B8-668114835D3C}.Debug|x86.ActiveCfg = Debug|Any CPU
		{04CCE700-C8AC-4959-90B8-668114835D3C}.Release|Any CPU.ActiveCfg = Release|Any CPU
		{04CCE700-C8AC-4959-90B8-668114835D3C}.Release|Any CPU.Build.0 = Release|Any CPU
		{04CCE700-C8AC-4959-90B8-668114835D3C}.Release|Mixed Platforms.ActiveCfg = Release|Any CPU
		{04CCE700-C8AC-4959-90B8-668114835D3C}.Release|Mixed Platforms.Build.0 = Release|Any CPU
		{04CCE700-C8AC-4959-90B8-668114835D3C}.Release|x86.ActiveCfg = Release|Any CPU
		{A17BD663-210E-4274-A87D-8F66B39E1B22}.Debug|Any CPU.ActiveCfg = Debug|x86
		{A17BD663-210E-4274-A87D-8F66B39E1B22}.Debug|Mixed Platforms.ActiveCfg = Debug|x86
		{A17BD663-210E-4274-A87D-8F66B39E1B22}.Debug|Mixed Platforms.Build.0 = Debug|x86
		{A17BD663-210E-4274-A87D-8F66B39E1B22}.Debug|x86.ActiveCfg = Debug|x86
		{A17BD663-210E-4274-A87D-8F66B39E1B22}.Debug|x86.Build.0 = Debug|x86
		{A17BD663-210E-4274-A87D-8F66B39E1B22}.Release|Any CPU.ActiveCfg = Release|x86
		{A17BD663-210E-4274-A87D-8F66B39E1B22}.Release|Mixed Platforms.ActiveCfg = Release|x86
		{A17BD663-210E-4274-A87D-8F66B39E1B22}.Release|Mixed Platforms.Build.0 = Release|x86
		{A17BD663-210E-4274-A87D-8F66B39E1B22}.Release|x86.ActiveCfg = Release|x86
		{A17BD663-210E-4274-A87D-8F66B39E1B22}.Release|x86.Build.0 = Release|x86
		{9D123727-F1D5-47DB-9D23-FC5D14779485}.Debug|Any CPU.ActiveCfg = Debug|Any CPU
		{9D123727-F1D5-47DB-9D23-FC5D14779485}.Debug|Any CPU.Build.0 = Debug|Any CPU
		{9D123727-F1D5-47DB-9D23-FC5D14779485}.Debug|Mixed Platforms.ActiveCfg = Debug|Any CPU
		{9D123727-F1D5-47DB-9D23-FC5D14779485}.Debug|Mixed Platforms.Build.0 = Debug|Any CPU
		{9D123727-F1D5-47DB-9D23-FC5D14779485}.Debug|x86.ActiveCfg = Debug|Any CPU
		{9D123727-F1D5-47DB-9D23-FC5D14779485}.Release|Any CPU.ActiveCfg = Release|Any CPU
		{9D123727-F1D5-47DB-9D23-FC5D14779485}.Release|Any CPU.Build.0 = Release|Any CPU
		{9D123727-F1D5-47DB-9D23-FC5D14779485}.Release|Mixed Platforms.ActiveCfg = Release|Any CPU
		{9D123727-F1D5-47DB-9D23-FC5D14779485}.Release|Mixed Platforms.Build.0 = Release|Any CPU
		{9D123727-F1D5-47DB-9D23-FC5D14779485}.Release|x86.ActiveCfg = Release|Any CPU
	EndGlobalSection
	GlobalSection(SolutionProperties) = preSolution
		HideSolutionNode = FALSE
	EndGlobalSection
	GlobalSection(NestedProjects) = preSolution
		{B3522D66-58DF-48B0-8E4B-47011CFCBAD8} = {B9E3442A-9263-4046-A0FD-F22ED5FB1DDF}
		{602CCF35-503B-4F55-94AA-DF97A1F69B1B} = {B9E3442A-9263-4046-A0FD-F22ED5FB1DDF}
		{228237A9-8CDF-4C96-B9EE-F67F5095BD4D} = {B9E3442A-9263-4046-A0FD-F22ED5FB1DDF}
		{537B629C-B7DB-4890-8B71-BB6C38910E65} = {DAE8BB37-FD22-44AA-BA1E-69893FCE3E41}
		{04CCE700-C8AC-4959-90B8-668114835D3C} = {DAE8BB37-FD22-44AA-BA1E-69893FCE3E41}
		{A17BD663-210E-4274-A87D-8F66B39E1B22} = {DAE8BB37-FD22-44AA-BA1E-69893FCE3E41}
		{9D123727-F1D5-47DB-9D23-FC5D14779485} = {DAE8BB37-FD22-44AA-BA1E-69893FCE3E41}
	EndGlobalSection
EndGlobal
