
Microsoft Visual Studio Solution File, Format Version 12.00
# Visual Studio 2012
Project("{2150E333-8FDC-42A3-9474-1A3956D46DE8}") = "FSharpApp", "FSharpApp", "{DAE8BB37-FD22-44AA-BA1E-69893FCE3E41}"
EndProject
Project("{2150E333-8FDC-42A3-9474-1A3956D46DE8}") = "CSharpApp", "CSharpApp", "{DB8029BF-E724-4A2A-9FCB-33B8584E9AAF}"
EndProject
Project("{2150E333-8FDC-42A3-9474-1A3956D46DE8}") = "src", "src", "{39F8B9ED-57EE-44D6-B88B-58BAB5792DA0}"
EndProject
Project("{F2A71F9B-5D33-465A-A702-920D77279786}") = "App.Model", "src\Samples\App.Model\App.Model.fsproj", "{537B629C-B7DB-4890-8B71-BB6C38910E65}"
EndProject
Project("{F2A71F9B-5D33-465A-A702-920D77279786}") = "Utopia", "src\Utopia\Utopia.fsproj", "{7178C7A8-8CF2-4CFB-8431-A5DDEA28BC01}"
EndProject
Project("{2150E333-8FDC-42A3-9474-1A3956D46DE8}") = "Samples", "Samples", "{71C3A425-8F3C-4470-B175-71A726FB083C}"
EndProject
Project("{F2A71F9B-5D33-465A-A702-920D77279786}") = "ViewModel", "src\Samples\FSharpApp\App.ViewModel\ViewModel.fsproj", "{04CCE700-C8AC-4959-90B8-668114835D3C}"
EndProject
Project("{F2A71F9B-5D33-465A-A702-920D77279786}") = "View", "src\Samples\FSharpApp\App.View\View.fsproj", "{A17BD663-210E-4274-A87D-8F66B39E1B22}"
EndProject
Project("{FAE04EC0-301F-11D3-BF4B-00C04F79EFBC}") = "ViewModel", "src\Samples\CSharpApp\App.ViewModel\ViewModel.csproj", "{9EA9452A-9BAF-4855-AAEC-560E8B3F472B}"
EndProject
Project("{FAE04EC0-301F-11D3-BF4B-00C04F79EFBC}") = "View", "src\Samples\CSharpApp\App.View\View.csproj", "{9D123727-F1D5-47DB-9D23-FC5D14779485}"
EndProject
Project("{2150E333-8FDC-42A3-9474-1A3956D46DE8}") = "NuGet", "NuGet", "{E23D3580-F71D-4825-AF13-B7618EEA37CC}"
	ProjectSection(SolutionItems) = preProject
		nuget\Utopia.nuspec = nuget\Utopia.nuspec
	EndProjectSection
EndProject
Project("{2150E333-8FDC-42A3-9474-1A3956D46DE8}") = "Solution Items", "Solution Items", "{E3EB595D-376B-4A0A-B014-10CC5699AE9D}"
	ProjectSection(SolutionItems) = preProject
		build.bat = build.bat
		build.fsx = build.fsx
		LICENSE.txt = LICENSE.txt
		README.md = README.md
		RELEASE_NOTES.md = RELEASE_NOTES.md
	EndProjectSection
EndProject
Global
	GlobalSection(SolutionConfigurationPlatforms) = preSolution
		Debug|Any CPU = Debug|Any CPU
		Debug|Mixed Platforms = Debug|Mixed Platforms
		Debug|x86 = Debug|x86
		Release|Any CPU = Release|Any CPU
		Release|Mixed Platforms = Release|Mixed Platforms
		Release|x86 = Release|x86
	EndGlobalSection
	GlobalSection(ProjectConfigurationPlatforms) = postSolution
		{537B629C-B7DB-4890-8B71-BB6C38910E65}.Debug|Any CPU.ActiveCfg = Debug|Any CPU
		{537B629C-B7DB-4890-8B71-BB6C38910E65}.Debug|Any CPU.Build.0 = Debug|Any CPU
		{537B629C-B7DB-4890-8B71-BB6C38910E65}.Debug|Mixed Platforms.ActiveCfg = Debug|Any CPU
		{537B629C-B7DB-4890-8B71-BB6C38910E65}.Debug|Mixed Platforms.Build.0 = Debug|Any CPU
		{537B629C-B7DB-4890-8B71-BB6C38910E65}.Debug|x86.ActiveCfg = Debug|Any CPU
		{537B629C-B7DB-4890-8B71-BB6C38910E65}.Release|Any CPU.ActiveCfg = Release|Any CPU
		{537B629C-B7DB-4890-8B71-BB6C38910E65}.Release|Any CPU.Build.0 = Release|Any CPU
		{537B629C-B7DB-4890-8B71-BB6C38910E65}.Release|Mixed Platforms.ActiveCfg = Release|Any CPU
		{537B629C-B7DB-4890-8B71-BB6C38910E65}.Release|Mixed Platforms.Build.0 = Release|Any CPU
		{537B629C-B7DB-4890-8B71-BB6C38910E65}.Release|x86.ActiveCfg = Release|Any CPU
		{7178C7A8-8CF2-4CFB-8431-A5DDEA28BC01}.Debug|Any CPU.ActiveCfg = Debug|Any CPU
		{7178C7A8-8CF2-4CFB-8431-A5DDEA28BC01}.Debug|Any CPU.Build.0 = Debug|Any CPU
		{7178C7A8-8CF2-4CFB-8431-A5DDEA28BC01}.Debug|Mixed Platforms.ActiveCfg = Debug|Any CPU
		{7178C7A8-8CF2-4CFB-8431-A5DDEA28BC01}.Debug|Mixed Platforms.Build.0 = Debug|Any CPU
		{7178C7A8-8CF2-4CFB-8431-A5DDEA28BC01}.Debug|x86.ActiveCfg = Debug|Any CPU
		{7178C7A8-8CF2-4CFB-8431-A5DDEA28BC01}.Release|Any CPU.ActiveCfg = Release|Any CPU
		{7178C7A8-8CF2-4CFB-8431-A5DDEA28BC01}.Release|Any CPU.Build.0 = Release|Any CPU
		{7178C7A8-8CF2-4CFB-8431-A5DDEA28BC01}.Release|Mixed Platforms.ActiveCfg = Release|Any CPU
		{7178C7A8-8CF2-4CFB-8431-A5DDEA28BC01}.Release|Mixed Platforms.Build.0 = Release|Any CPU
		{7178C7A8-8CF2-4CFB-8431-A5DDEA28BC01}.Release|x86.ActiveCfg = Release|Any CPU
		{04CCE700-C8AC-4959-90B8-668114835D3C}.Debug|Any CPU.ActiveCfg = Debug|Any CPU
		{04CCE700-C8AC-4959-90B8-668114835D3C}.Debug|Any CPU.Build.0 = Debug|Any CPU
		{04CCE700-C8AC-4959-90B8-668114835D3C}.Debug|Mixed Platforms.ActiveCfg = Debug|Any CPU
		{04CCE700-C8AC-4959-90B8-668114835D3C}.Debug|Mixed Platforms.Build.0 = Debug|Any CPU
		{04CCE700-C8AC-4959-90B8-668114835D3C}.Debug|x86.ActiveCfg = Debug|Any CPU
		{04CCE700-C8AC-4959-90B8-668114835D3C}.Release|Any CPU.ActiveCfg = Release|Any CPU
		{04CCE700-C8AC-4959-90B8-668114835D3C}.Release|Any CPU.Build.0 = Release|Any CPU
		{04CCE700-C8AC-4959-90B8-668114835D3C}.Release|Mixed Platforms.ActiveCfg = Release|Any CPU
		{04CCE700-C8AC-4959-90B8-668114835D3C}.Release|Mixed Platforms.Build.0 = Release|Any CPU
		{04CCE700-C8AC-4959-90B8-668114835D3C}.Release|x86.ActiveCfg = Release|Any CPU
		{A17BD663-210E-4274-A87D-8F66B39E1B22}.Debug|Any CPU.ActiveCfg = Debug|x86
		{A17BD663-210E-4274-A87D-8F66B39E1B22}.Debug|Mixed Platforms.ActiveCfg = Debug|x86
		{A17BD663-210E-4274-A87D-8F66B39E1B22}.Debug|Mixed Platforms.Build.0 = Debug|x86
		{A17BD663-210E-4274-A87D-8F66B39E1B22}.Debug|x86.ActiveCfg = Debug|x86
		{A17BD663-210E-4274-A87D-8F66B39E1B22}.Debug|x86.Build.0 = Debug|x86
		{A17BD663-210E-4274-A87D-8F66B39E1B22}.Release|Any CPU.ActiveCfg = Release|x86
		{A17BD663-210E-4274-A87D-8F66B39E1B22}.Release|Mixed Platforms.ActiveCfg = Release|x86
		{A17BD663-210E-4274-A87D-8F66B39E1B22}.Release|Mixed Platforms.Build.0 = Release|x86
		{A17BD663-210E-4274-A87D-8F66B39E1B22}.Release|x86.ActiveCfg = Release|x86
		{A17BD663-210E-4274-A87D-8F66B39E1B22}.Release|x86.Build.0 = Release|x86
		{9EA9452A-9BAF-4855-AAEC-560E8B3F472B}.Debug|Any CPU.ActiveCfg = Debug|Any CPU
		{9EA9452A-9BAF-4855-AAEC-560E8B3F472B}.Debug|Any CPU.Build.0 = Debug|Any CPU
		{9EA9452A-9BAF-4855-AAEC-560E8B3F472B}.Debug|Mixed Platforms.ActiveCfg = Debug|Any CPU
		{9EA9452A-9BAF-4855-AAEC-560E8B3F472B}.Debug|Mixed Platforms.Build.0 = Debug|Any CPU
		{9EA9452A-9BAF-4855-AAEC-560E8B3F472B}.Debug|x86.ActiveCfg = Debug|Any CPU
		{9EA9452A-9BAF-4855-AAEC-560E8B3F472B}.Release|Any CPU.ActiveCfg = Release|Any CPU
		{9EA9452A-9BAF-4855-AAEC-560E8B3F472B}.Release|Any CPU.Build.0 = Release|Any CPU
		{9EA9452A-9BAF-4855-AAEC-560E8B3F472B}.Release|Mixed Platforms.ActiveCfg = Release|Any CPU
		{9EA9452A-9BAF-4855-AAEC-560E8B3F472B}.Release|Mixed Platforms.Build.0 = Release|Any CPU
		{9EA9452A-9BAF-4855-AAEC-560E8B3F472B}.Release|x86.ActiveCfg = Release|Any CPU
		{9D123727-F1D5-47DB-9D23-FC5D14779485}.Debug|Any CPU.ActiveCfg = Debug|Any CPU
		{9D123727-F1D5-47DB-9D23-FC5D14779485}.Debug|Any CPU.Build.0 = Debug|Any CPU
		{9D123727-F1D5-47DB-9D23-FC5D14779485}.Debug|Mixed Platforms.ActiveCfg = Debug|Any CPU
		{9D123727-F1D5-47DB-9D23-FC5D14779485}.Debug|Mixed Platforms.Build.0 = Debug|Any CPU
		{9D123727-F1D5-47DB-9D23-FC5D14779485}.Debug|x86.ActiveCfg = Debug|Any CPU
		{9D123727-F1D5-47DB-9D23-FC5D14779485}.Release|Any CPU.ActiveCfg = Release|Any CPU
		{9D123727-F1D5-47DB-9D23-FC5D14779485}.Release|Any CPU.Build.0 = Release|Any CPU
		{9D123727-F1D5-47DB-9D23-FC5D14779485}.Release|Mixed Platforms.ActiveCfg = Release|Any CPU
		{9D123727-F1D5-47DB-9D23-FC5D14779485}.Release|Mixed Platforms.Build.0 = Release|Any CPU
		{9D123727-F1D5-47DB-9D23-FC5D14779485}.Release|x86.ActiveCfg = Release|Any CPU
	EndGlobalSection
	GlobalSection(SolutionProperties) = preSolution
		HideSolutionNode = FALSE
	EndGlobalSection
	GlobalSection(NestedProjects) = preSolution
		{71C3A425-8F3C-4470-B175-71A726FB083C} = {39F8B9ED-57EE-44D6-B88B-58BAB5792DA0}
		{7178C7A8-8CF2-4CFB-8431-A5DDEA28BC01} = {39F8B9ED-57EE-44D6-B88B-58BAB5792DA0}
		{DAE8BB37-FD22-44AA-BA1E-69893FCE3E41} = {71C3A425-8F3C-4470-B175-71A726FB083C}
		{537B629C-B7DB-4890-8B71-BB6C38910E65} = {71C3A425-8F3C-4470-B175-71A726FB083C}
		{DB8029BF-E724-4A2A-9FCB-33B8584E9AAF} = {71C3A425-8F3C-4470-B175-71A726FB083C}
		{04CCE700-C8AC-4959-90B8-668114835D3C} = {DAE8BB37-FD22-44AA-BA1E-69893FCE3E41}
		{A17BD663-210E-4274-A87D-8F66B39E1B22} = {DAE8BB37-FD22-44AA-BA1E-69893FCE3E41}
		{9EA9452A-9BAF-4855-AAEC-560E8B3F472B} = {DB8029BF-E724-4A2A-9FCB-33B8584E9AAF}
		{9D123727-F1D5-47DB-9D23-FC5D14779485} = {DB8029BF-E724-4A2A-9FCB-33B8584E9AAF}
	EndGlobalSection
EndGlobal
